
Microsoft Visual Studio Solution File, Format Version 12.00
# Visual Studio Version 17
VisualStudioVersion = 17.13.35825.156
MinimumVisualStudioVersion = 10.0.40219.1
Project("{FAE04EC0-301F-11D3-BF4B-00C04F79EFBC}") = "MoodTrackedApi", "MoodTrackedApi\MoodTrackedApi.csproj", "{AA2EA1A0-C0CC-4DC6-B267-33F4569EC26B}"
EndProject
Project("{FAE04EC0-301F-11D3-BF4B-00C04F79EFBC}") = "MoodTrackedLib", "MoodTrackedLib\MoodTrackedLib.csproj", "{9C602A64-D35F-4BC0-AB97-A9467D294104}"
EndProject
Project("{FAE04EC0-301F-11D3-BF4B-00C04F79EFBC}") = "MoodTrackedClient", "MoodTrackedClient\MoodTrackedClient.csproj", "{98A8F379-1B54-405C-B845-FA1CCE6272AF}"
EndProject
Global
	GlobalSection(SolutionConfigurationPlatforms) = preSolution
		Debug|Any CPU = Debug|Any CPU
		Release|Any CPU = Release|Any CPU
	EndGlobalSection
	GlobalSection(ProjectConfigurationPlatforms) = postSolution
		{AA2EA1A0-C0CC-4DC6-B267-33F4569EC26B}.Debug|Any CPU.ActiveCfg = Debug|Any CPU
		{AA2EA1A0-C0CC-4DC6-B267-33F4569EC26B}.Debug|Any CPU.Build.0 = Debug|Any CPU
		{AA2EA1A0-C0CC-4DC6-B267-33F4569EC26B}.Release|Any CPU.ActiveCfg = Release|Any CPU
		{AA2EA1A0-C0CC-4DC6-B267-33F4569EC26B}.Release|Any CPU.Build.0 = Release|Any CPU
		{9C602A64-D35F-4BC0-AB97-A9467D294104}.Debug|Any CPU.ActiveCfg = Debug|Any CPU
		{9C602A64-D35F-4BC0-AB97-A9467D294104}.Debug|Any CPU.Build.0 = Debug|Any CPU
		{9C602A64-D35F-4BC0-AB97-A9467D294104}.Release|Any CPU.ActiveCfg = Release|Any CPU
		{9C602A64-D35F-4BC0-AB97-A9467D294104}.Release|Any CPU.Build.0 = Release|Any CPU
		{98A8F379-1B54-405C-B845-FA1CCE6272AF}.Debug|Any CPU.ActiveCfg = Debug|Any CPU
		{98A8F379-1B54-405C-B845-FA1CCE6272AF}.Debug|Any CPU.Build.0 = Debug|Any CPU
		{98A8F379-1B54-405C-B845-FA1CCE6272AF}.Release|Any CPU.ActiveCfg = Release|Any CPU
		{98A8F379-1B54-405C-B845-FA1CCE6272AF}.Release|Any CPU.Build.0 = Release|Any CPU
	EndGlobalSection
	GlobalSection(SolutionProperties) = preSolution
		HideSolutionNode = FALSE
	EndGlobalSection
	GlobalSection(ExtensibilityGlobals) = postSolution
		SolutionGuid = {A738D8D2-90C7-4357-B290-F116ACB11429}
	EndGlobalSection
EndGlobal
